<?xml version="1.0" encoding="utf-8"?>
<Project ToolsVersion="4.0" xmlns="http://schemas.microsoft.com/developer/msbuild/2003">
  <ItemGroup>
    <Filter Include="libs">
      <UniqueIdentifier>{b841b941-509d-427b-a0b5-fc23d3569572}</UniqueIdentifier>
    </Filter>
  </ItemGroup>
  <ItemGroup>
    <ClInclude Include="source\libs\app.h">
      <Filter>libs</Filter>
    </ClInclude>
    <ClInclude Include="source\libs\crt_frame.h">
      <Filter>libs</Filter>
    </ClInclude>
    <ClInclude Include="source\libs\crtemu.h">
      <Filter>libs</Filter>
    </ClInclude>
    <ClInclude Include="source\libs\strpool.h">
      <Filter>libs</Filter>
    </ClInclude>
    <ClInclude Include="source\functions.h" />
    <ClInclude Include="source\system.h" />
    <ClInclude Include="source\compile.h" />
    <ClInclude Include="source\vm.h" />
    <ClInclude Include="source\libs\file.h">
      <Filter>libs</Filter>
    </ClInclude>
    <ClInclude Include="source\libs\mid.h">
      <Filter>libs</Filter>
    </ClInclude>
    <ClInclude Include="source\libs\tsf.h">
      <Filter>libs</Filter>
    </ClInclude>
    <ClInclude Include="source\libs\thread.h">
      <Filter>libs</Filter>
    </ClInclude>
    <ClInclude Include="source\libs\palettize.h">
      <Filter>libs</Filter>
    </ClInclude>
    <ClInclude Include="source\libs\stb_image.h">
      <Filter>libs</Filter>
    </ClInclude>
    <ClInclude Include="source\libs\speech.hpp">
      <Filter>libs</Filter>
    </ClInclude>
    <ClInclude Include="source\libs\dr_wav.h">
      <Filter>libs</Filter>
    </ClInclude>
    <ClInclude Include="source\libs\frametimer.h">
      <Filter>libs</Filter>
    </ClInclude>
    <ClInclude Include="source\libs\sort.hpp">
      <Filter>libs</Filter>
    </ClInclude>
  </ItemGroup>
  <ItemGroup>
    <ClCompile Include="source\libs.cpp" />
    <ClCompile Include="source\main.cpp" />
    <ClCompile Include="source\soundfont.cpp" />
  </ItemGroup>
</Project>